
Microsoft Visual Studio Solution File, Format Version 12.00
# Visual Studio Version 16
VisualStudioVersion = 16.0.29230.47
MinimumVisualStudioVersion = 10.0.40219.1
Project("{FAE04EC0-301F-11D3-BF4B-00C04F79EFBC}") = "Pokedex", "Pokedex\Pokedex.csproj", "{8103A6B2-F63F-4544-AED8-B986D8B07D2A}"
EndProject
Global
	GlobalSection(SolutionConfigurationPlatforms) = preSolution
		Debug|Any CPU = Debug|Any CPU
		Release|Any CPU = Release|Any CPU
	EndGlobalSection
	GlobalSection(ProjectConfigurationPlatforms) = postSolution
		{8103A6B2-F63F-4544-AED8-B986D8B07D2A}.Debug|Any CPU.ActiveCfg = Debug|Any CPU
		{8103A6B2-F63F-4544-AED8-B986D8B07D2A}.Debug|Any CPU.Build.0 = Debug|Any CPU
		{8103A6B2-F63F-4544-AED8-B986D8B07D2A}.Release|Any CPU.ActiveCfg = Release|Any CPU
		{8103A6B2-F63F-4544-AED8-B986D8B07D2A}.Release|Any CPU.Build.0 = Release|Any CPU
	EndGlobalSection
	GlobalSection(SolutionProperties) = preSolution
		HideSolutionNode = FALSE
	EndGlobalSection
	GlobalSection(ExtensibilityGlobals) = postSolution
		SolutionGuid = {16292E17-630B-4E8B-A435-A0A8D2DADE47}
	EndGlobalSection
EndGlobal
